
Microsoft Visual Studio Solution File, Format Version 12.00
# Visual Studio 15
VisualStudioVersion = 15.0.28010.2048
MinimumVisualStudioVersion = 10.0.40219.1
Project("{8BC9CEB8-8B4A-11D0-8D11-00A0C91BC942}") = "001", "src\001\001.vcxproj", "{8534A322-B774-4373-9F04-ABAAE9A5684F}"
EndProject
Project("{8BC9CEB8-8B4A-11D0-8D11-00A0C91BC942}") = "002", "src\002\002.vcxproj", "{6ACECAB7-B9F9-422E-BACD-0F061DF9B6AF}"
EndProject
Project("{8BC9CEB8-8B4A-11D0-8D11-00A0C91BC942}") = "003", "src\003\003.vcxproj", "{D478D3CE-452B-4BAB-8846-2417C7C87FD9}"
EndProject
Project("{8BC9CEB8-8B4A-11D0-8D11-00A0C91BC942}") = "004", "src\004\004.vcxproj", "{A9562348-6E68-4983-8426-53285DB954BE}"
EndProject
Project("{8BC9CEB8-8B4A-11D0-8D11-00A0C91BC942}") = "005", "src\005\005.vcxproj", "{8306587D-525E-449F-A1F8-611C95323AD6}"
EndProject
Project("{8BC9CEB8-8B4A-11D0-8D11-00A0C91BC942}") = "101", "src\101\101.vcxproj", "{99042BD9-B0AA-4F78-99BC-E319EB4A102E}"
EndProject
Project("{8BC9CEB8-8B4A-11D0-8D11-00A0C91BC942}") = "102", "src\102\102.vcxproj", "{56F875C6-FA86-4DCC-BE9C-7DBD345C528B}"
EndProject
Project("{8BC9CEB8-8B4A-11D0-8D11-00A0C91BC942}") = "201", "src\201\201.vcxproj", "{175FE6F9-9908-4CA0-A45D-CEA2180CDE0F}"
EndProject
Project("{8BC9CEB8-8B4A-11D0-8D11-00A0C91BC942}") = "202", "src\202\202.vcxproj", "{3A362276-5FB6-411D-BFC4-947146BE742D}"
EndProject
Project("{8BC9CEB8-8B4A-11D0-8D11-00A0C91BC942}") = "203", "src\203\203.vcxproj", "{40537378-EFB2-486D-A427-FD9AA60439CA}"
EndProject
Project("{8BC9CEB8-8B4A-11D0-8D11-00A0C91BC942}") = "204", "src\204\204.vcxproj", "{1D5E4B02-9329-48DF-A7CF-D01C558E592F}"
EndProject
Project("{8BC9CEB8-8B4A-11D0-8D11-00A0C91BC942}") = "103", "src\103\103.vcxproj", "{B1F6EFDD-DA85-4D8D-B56B-06C4401B3023}"
EndProject
Global
	GlobalSection(SolutionConfigurationPlatforms) = preSolution
		Debug|x64 = Debug|x64
		Debug|x86 = Debug|x86
		Release|x64 = Release|x64
		Release|x86 = Release|x86
	EndGlobalSection
	GlobalSection(ProjectConfigurationPlatforms) = postSolution
		{8534A322-B774-4373-9F04-ABAAE9A5684F}.Debug|x64.ActiveCfg = Debug|x64
		{8534A322-B774-4373-9F04-ABAAE9A5684F}.Debug|x64.Build.0 = Debug|x64
		{8534A322-B774-4373-9F04-ABAAE9A5684F}.Debug|x86.ActiveCfg = Debug|Win32
		{8534A322-B774-4373-9F04-ABAAE9A5684F}.Debug|x86.Build.0 = Debug|Win32
		{8534A322-B774-4373-9F04-ABAAE9A5684F}.Release|x64.ActiveCfg = Release|x64
		{8534A322-B774-4373-9F04-ABAAE9A5684F}.Release|x64.Build.0 = Release|x64
		{8534A322-B774-4373-9F04-ABAAE9A5684F}.Release|x86.ActiveCfg = Release|Win32
		{8534A322-B774-4373-9F04-ABAAE9A5684F}.Release|x86.Build.0 = Release|Win32
		{6ACECAB7-B9F9-422E-BACD-0F061DF9B6AF}.Debug|x64.ActiveCfg = Debug|x64
		{6ACECAB7-B9F9-422E-BACD-0F061DF9B6AF}.Debug|x64.Build.0 = Debug|x64
		{6ACECAB7-B9F9-422E-BACD-0F061DF9B6AF}.Debug|x86.ActiveCfg = Debug|Win32
		{6ACECAB7-B9F9-422E-BACD-0F061DF9B6AF}.Debug|x86.Build.0 = Debug|Win32
		{6ACECAB7-B9F9-422E-BACD-0F061DF9B6AF}.Release|x64.ActiveCfg = Release|x64
		{6ACECAB7-B9F9-422E-BACD-0F061DF9B6AF}.Release|x64.Build.0 = Release|x64
		{6ACECAB7-B9F9-422E-BACD-0F061DF9B6AF}.Release|x86.ActiveCfg = Release|Win32
		{6ACECAB7-B9F9-422E-BACD-0F061DF9B6AF}.Release|x86.Build.0 = Release|Win32
		{D478D3CE-452B-4BAB-8846-2417C7C87FD9}.Debug|x64.ActiveCfg = Debug|x64
		{D478D3CE-452B-4BAB-8846-2417C7C87FD9}.Debug|x64.Build.0 = Debug|x64
		{D478D3CE-452B-4BAB-8846-2417C7C87FD9}.Debug|x86.ActiveCfg = Debug|Win32
		{D478D3CE-452B-4BAB-8846-2417C7C87FD9}.Debug|x86.Build.0 = Debug|Win32
		{D478D3CE-452B-4BAB-8846-2417C7C87FD9}.Release|x64.ActiveCfg = Release|x64
		{D478D3CE-452B-4BAB-8846-2417C7C87FD9}.Release|x64.Build.0 = Release|x64
		{D478D3CE-452B-4BAB-8846-2417C7C87FD9}.Release|x86.ActiveCfg = Release|Win32
		{D478D3CE-452B-4BAB-8846-2417C7C87FD9}.Release|x86.Build.0 = Release|Win32
		{A9562348-6E68-4983-8426-53285DB954BE}.Debug|x64.ActiveCfg = Debug|x64
		{A9562348-6E68-4983-8426-53285DB954BE}.Debug|x64.Build.0 = Debug|x64
		{A9562348-6E68-4983-8426-53285DB954BE}.Debug|x86.ActiveCfg = Debug|Win32
		{A9562348-6E68-4983-8426-53285DB954BE}.Debug|x86.Build.0 = Debug|Win32
		{A9562348-6E68-4983-8426-53285DB954BE}.Release|x64.ActiveCfg = Release|x64
		{A9562348-6E68-4983-8426-53285DB954BE}.Release|x64.Build.0 = Release|x64
		{A9562348-6E68-4983-8426-53285DB954BE}.Release|x86.ActiveCfg = Release|Win32
		{A9562348-6E68-4983-8426-53285DB954BE}.Release|x86.Build.0 = Release|Win32
		{8306587D-525E-449F-A1F8-611C95323AD6}.Debug|x64.ActiveCfg = Debug|x64
		{8306587D-525E-449F-A1F8-611C95323AD6}.Debug|x64.Build.0 = Debug|x64
		{8306587D-525E-449F-A1F8-611C95323AD6}.Debug|x86.ActiveCfg = Debug|Win32
		{8306587D-525E-449F-A1F8-611C95323AD6}.Debug|x86.Build.0 = Debug|Win32
		{8306587D-525E-449F-A1F8-611C95323AD6}.Release|x64.ActiveCfg = Release|x64
		{8306587D-525E-449F-A1F8-611C95323AD6}.Release|x64.Build.0 = Release|x64
		{8306587D-525E-449F-A1F8-611C95323AD6}.Release|x86.ActiveCfg = Release|Win32
		{8306587D-525E-449F-A1F8-611C95323AD6}.Release|x86.Build.0 = Release|Win32
		{99042BD9-B0AA-4F78-99BC-E319EB4A102E}.Debug|x64.ActiveCfg = Debug|x64
		{99042BD9-B0AA-4F78-99BC-E319EB4A102E}.Debug|x64.Build.0 = Debug|x64
		{99042BD9-B0AA-4F78-99BC-E319EB4A102E}.Debug|x86.ActiveCfg = Debug|Win32
		{99042BD9-B0AA-4F78-99BC-E319EB4A102E}.Debug|x86.Build.0 = Debug|Win32
		{99042BD9-B0AA-4F78-99BC-E319EB4A102E}.Release|x64.ActiveCfg = Release|x64
		{99042BD9-B0AA-4F78-99BC-E319EB4A102E}.Release|x64.Build.0 = Release|x64
		{99042BD9-B0AA-4F78-99BC-E319EB4A102E}.Release|x86.ActiveCfg = Release|Win32
		{99042BD9-B0AA-4F78-99BC-E319EB4A102E}.Release|x86.Build.0 = Release|Win32
		{56F875C6-FA86-4DCC-BE9C-7DBD345C528B}.Debug|x64.ActiveCfg = Debug|x64
		{56F875C6-FA86-4DCC-BE9C-7DBD345C528B}.Debug|x64.Build.0 = Debug|x64
		{56F875C6-FA86-4DCC-BE9C-7DBD345C528B}.Debug|x86.ActiveCfg = Debug|Win32
		{56F875C6-FA86-4DCC-BE9C-7DBD345C528B}.Debug|x86.Build.0 = Debug|Win32
		{56F875C6-FA86-4DCC-BE9C-7DBD345C528B}.Release|x64.ActiveCfg = Release|x64
		{56F875C6-FA86-4DCC-BE9C-7DBD345C528B}.Release|x64.Build.0 = Release|x64
		{56F875C6-FA86-4DCC-BE9C-7DBD345C528B}.Release|x86.ActiveCfg = Release|Win32
		{56F875C6-FA86-4DCC-BE9C-7DBD345C528B}.Release|x86.Build.0 = Release|Win32
		{175FE6F9-9908-4CA0-A45D-CEA2180CDE0F}.Debug|x64.ActiveCfg = Debug|x64
		{175FE6F9-9908-4CA0-A45D-CEA2180CDE0F}.Debug|x64.Build.0 = Debug|x64
		{175FE6F9-9908-4CA0-A45D-CEA2180CDE0F}.Debug|x86.ActiveCfg = Debug|Win32
		{175FE6F9-9908-4CA0-A45D-CEA2180CDE0F}.Debug|x86.Build.0 = Debug|Win32
		{175FE6F9-9908-4CA0-A45D-CEA2180CDE0F}.Release|x64.ActiveCfg = Release|x64
		{175FE6F9-9908-4CA0-A45D-CEA2180CDE0F}.Release|x64.Build.0 = Release|x64
		{175FE6F9-9908-4CA0-A45D-CEA2180CDE0F}.Release|x86.ActiveCfg = Release|Win32
		{175FE6F9-9908-4CA0-A45D-CEA2180CDE0F}.Release|x86.Build.0 = Release|Win32
		{3A362276-5FB6-411D-BFC4-947146BE742D}.Debug|x64.ActiveCfg = Debug|x64
		{3A362276-5FB6-411D-BFC4-947146BE742D}.Debug|x64.Build.0 = Debug|x64
		{3A362276-5FB6-411D-BFC4-947146BE742D}.Debug|x86.ActiveCfg = Debug|Win32
		{3A362276-5FB6-411D-BFC4-947146BE742D}.Debug|x86.Build.0 = Debug|Win32
		{3A362276-5FB6-411D-BFC4-947146BE742D}.Release|x64.ActiveCfg = Release|x64
		{3A362276-5FB6-411D-BFC4-947146BE742D}.Release|x64.Build.0 = Release|x64
		{3A362276-5FB6-411D-BFC4-947146BE742D}.Release|x86.ActiveCfg = Release|Win32
		{3A362276-5FB6-411D-BFC4-947146BE742D}.Release|x86.Build.0 = Release|Win32
		{40537378-EFB2-486D-A427-FD9AA60439CA}.Debug|x64.ActiveCfg = Debug|x64
		{40537378-EFB2-486D-A427-FD9AA60439CA}.Debug|x64.Build.0 = Debug|x64
		{40537378-EFB2-486D-A427-FD9AA60439CA}.Debug|x86.ActiveCfg = Debug|Win32
		{40537378-EFB2-486D-A427-FD9AA60439CA}.Debug|x86.Build.0 = Debug|Win32
		{40537378-EFB2-486D-A427-FD9AA60439CA}.Release|x64.ActiveCfg = Release|x64
		{40537378-EFB2-486D-A427-FD9AA60439CA}.Release|x64.Build.0 = Release|x64
		{40537378-EFB2-486D-A427-FD9AA60439CA}.Release|x86.ActiveCfg = Release|Win32
		{40537378-EFB2-486D-A427-FD9AA60439CA}.Release|x86.Build.0 = Release|Win32
		{1D5E4B02-9329-48DF-A7CF-D01C558E592F}.Debug|x64.ActiveCfg = Debug|x64
		{1D5E4B02-9329-48DF-A7CF-D01C558E592F}.Debug|x64.Build.0 = Debug|x64
		{1D5E4B02-9329-48DF-A7CF-D01C558E592F}.Debug|x86.ActiveCfg = Debug|Win32
		{1D5E4B02-9329-48DF-A7CF-D01C558E592F}.Debug|x86.Build.0 = Debug|Win32
		{1D5E4B02-9329-48DF-A7CF-D01C558E592F}.Release|x64.ActiveCfg = Release|x64
		{1D5E4B02-9329-48DF-A7CF-D01C558E592F}.Release|x64.Build.0 = Release|x64
		{1D5E4B02-9329-48DF-A7CF-D01C558E592F}.Release|x86.ActiveCfg = Release|Win32
		{1D5E4B02-9329-48DF-A7CF-D01C558E592F}.Release|x86.Build.0 = Release|Win32
		{B1F6EFDD-DA85-4D8D-B56B-06C4401B3023}.Debug|x64.ActiveCfg = Debug|x64
		{B1F6EFDD-DA85-4D8D-B56B-06C4401B3023}.Debug|x64.Build.0 = Debug|x64
		{B1F6EFDD-DA85-4D8D-B56B-06C4401B3023}.Debug|x86.ActiveCfg = Debug|Win32
		{B1F6EFDD-DA85-4D8D-B56B-06C4401B3023}.Debug|x86.Build.0 = Debug|Win32
		{B1F6EFDD-DA85-4D8D-B56B-06C4401B3023}.Release|x64.ActiveCfg = Release|x64
		{B1F6EFDD-DA85-4D8D-B56B-06C4401B3023}.Release|x64.Build.0 = Release|x64
		{B1F6EFDD-DA85-4D8D-B56B-06C4401B3023}.Release|x86.ActiveCfg = Release|Win32
		{B1F6EFDD-DA85-4D8D-B56B-06C4401B3023}.Release|x86.Build.0 = Release|Win32
	EndGlobalSection
	GlobalSection(SolutionProperties) = preSolution
		HideSolutionNode = FALSE
	EndGlobalSection
	GlobalSection(ExtensibilityGlobals) = postSolution
		SolutionGuid = {2B3B5BB0-D303-4D8A-85A1-B899DCDEEB31}
	EndGlobalSection
EndGlobal
